
Microsoft Visual Studio Solution File, Format Version 12.00
# Visual Studio Version 16
VisualStudioVersion = 16.0.33027.164
MinimumVisualStudioVersion = 10.0.40219.1
Project("{FAE04EC0-301F-11D3-BF4B-00C04F79EFBC}") = "GD_Cryptage", "GD_Cryptage\GD_Cryptage.csproj", "{796476F9-3EFD-4A38-944E-5B3C28D682EC}"
EndProject
Global
	GlobalSection(SolutionConfigurationPlatforms) = preSolution
		Debug|Any CPU = Debug|Any CPU
		Release|Any CPU = Release|Any CPU
	EndGlobalSection
	GlobalSection(ProjectConfigurationPlatforms) = postSolution
		{796476F9-3EFD-4A38-944E-5B3C28D682EC}.Debug|Any CPU.ActiveCfg = Debug|Any CPU
		{796476F9-3EFD-4A38-944E-5B3C28D682EC}.Debug|Any CPU.Build.0 = Debug|Any CPU
		{796476F9-3EFD-4A38-944E-5B3C28D682EC}.Release|Any CPU.ActiveCfg = Release|Any CPU
		{796476F9-3EFD-4A38-944E-5B3C28D682EC}.Release|Any CPU.Build.0 = Release|Any CPU
	EndGlobalSection
	GlobalSection(SolutionProperties) = preSolution
		HideSolutionNode = FALSE
	EndGlobalSection
	GlobalSection(ExtensibilityGlobals) = postSolution
		SolutionGuid = {35C8F0D8-D5A2-4E64-824B-58756C1FD5C2}
	EndGlobalSection
EndGlobal
